
Microsoft Visual Studio Solution File, Format Version 12.00
# Visual Studio Version 16
VisualStudioVersion = 16.0.29306.81
MinimumVisualStudioVersion = 10.0.40219.1
Project("{FAE04EC0-301F-11D3-BF4B-00C04F79EFBC}") = "LabWork4", "LabWork4.csproj", "{F46D5CB0-31E2-4B0E-8C7D-F7D30892456F}"
EndProject
Global
	GlobalSection(SolutionConfigurationPlatforms) = preSolution
		Debug|Any CPU = Debug|Any CPU
		Release|Any CPU = Release|Any CPU
	EndGlobalSection
	GlobalSection(ProjectConfigurationPlatforms) = postSolution
		{F46D5CB0-31E2-4B0E-8C7D-F7D30892456F}.Debug|Any CPU.ActiveCfg = Debug|Any CPU
		{F46D5CB0-31E2-4B0E-8C7D-F7D30892456F}.Debug|Any CPU.Build.0 = Debug|Any CPU
		{F46D5CB0-31E2-4B0E-8C7D-F7D30892456F}.Release|Any CPU.ActiveCfg = Release|Any CPU
		{F46D5CB0-31E2-4B0E-8C7D-F7D30892456F}.Release|Any CPU.Build.0 = Release|Any CPU
	EndGlobalSection
	GlobalSection(SolutionProperties) = preSolution
		HideSolutionNode = FALSE
	EndGlobalSection
	GlobalSection(ExtensibilityGlobals) = postSolution
		SolutionGuid = {CD40D45A-B31D-4E36-A573-8CBB6BD29E58}
	EndGlobalSection
EndGlobal
